
Microsoft Visual Studio Solution File, Format Version 12.00
# Visual Studio 15
VisualStudioVersion = 15.0.28010.2041
MinimumVisualStudioVersion = 10.0.40219.1
Project("{FAE04EC0-301F-11D3-BF4B-00C04F79EFBC}") = "Lab06-Collections", "Lab06-Collections\Lab06-Collections.csproj", "{162C78BA-1C4A-4BDD-8C9E-EC2FEA24ABAA}"
EndProject
Global
	GlobalSection(SolutionConfigurationPlatforms) = preSolution
		Debug|Any CPU = Debug|Any CPU
		Release|Any CPU = Release|Any CPU
	EndGlobalSection
	GlobalSection(ProjectConfigurationPlatforms) = postSolution
		{162C78BA-1C4A-4BDD-8C9E-EC2FEA24ABAA}.Debug|Any CPU.ActiveCfg = Debug|Any CPU
		{162C78BA-1C4A-4BDD-8C9E-EC2FEA24ABAA}.Debug|Any CPU.Build.0 = Debug|Any CPU
		{162C78BA-1C4A-4BDD-8C9E-EC2FEA24ABAA}.Release|Any CPU.ActiveCfg = Release|Any CPU
		{162C78BA-1C4A-4BDD-8C9E-EC2FEA24ABAA}.Release|Any CPU.Build.0 = Release|Any CPU
	EndGlobalSection
	GlobalSection(SolutionProperties) = preSolution
		HideSolutionNode = FALSE
	EndGlobalSection
	GlobalSection(ExtensibilityGlobals) = postSolution
		SolutionGuid = {FC7CA770-0CF8-4F5D-BC6A-66A568939EB1}
	EndGlobalSection
EndGlobal
